// !$*UTF8*$!
{
	archiveVersion = 1;
	classes = {
	};
	objectVersion = 55;
	objects = {

/* Begin PBXBuildFile section */
		05C78EA08CC880992F5B2A19 /* Pods_nubankApp.framework in Frameworks */ = {isa = PBXBuildFile; fileRef = 445CE8FB7B18423BF98C727A /* Pods_nubankApp.framework */; };
		480C1E0E291087AD003C5570 /* SingUpViewController.swift in Sources */ = {isa = PBXBuildFile; fileRef = 480C1E0D291087AD003C5570 /* SingUpViewController.swift */; };
		480C1E102910880C003C5570 /* SignUpViewModel.swift in Sources */ = {isa = PBXBuildFile; fileRef = 480C1E0F2910880C003C5570 /* SignUpViewModel.swift */; };
		480C1E1229108883003C5570 /* SignUpView.swift in Sources */ = {isa = PBXBuildFile; fileRef = 480C1E1129108883003C5570 /* SignUpView.swift */; };
		480C1E1429108AC3003C5570 /* BaseViewController.swift in Sources */ = {isa = PBXBuildFile; fileRef = 480C1E1329108AC3003C5570 /* BaseViewController.swift */; };
		480C1E1629108CB5003C5570 /* CustomTableView.swift in Sources */ = {isa = PBXBuildFile; fileRef = 480C1E1529108CB5003C5570 /* CustomTableView.swift */; };
		480C1E1829108D89003C5570 /* EmptyCell.swift in Sources */ = {isa = PBXBuildFile; fileRef = 480C1E1729108D89003C5570 /* EmptyCell.swift */; };
		480C1E1A29109146003C5570 /* CustomComponentProtocol.swift in Sources */ = {isa = PBXBuildFile; fileRef = 480C1E1929109146003C5570 /* CustomComponentProtocol.swift */; };
		480C1E1D291092F9003C5570 /* Questions.swift in Sources */ = {isa = PBXBuildFile; fileRef = 480C1E1C291092F9003C5570 /* Questions.swift */; };
		480C1E1F291096B3003C5570 /* CustomCell.swift in Sources */ = {isa = PBXBuildFile; fileRef = 480C1E1E291096B3003C5570 /* CustomCell.swift */; };
		480C1E21291098D0003C5570 /* CustomTextField.swift in Sources */ = {isa = PBXBuildFile; fileRef = 480C1E20291098D0003C5570 /* CustomTextField.swift */; };
		480C1E2B29109B07003C5570 /* Mulish-Black.ttf in Resources */ = {isa = PBXBuildFile; fileRef = 480C1E2329109B05003C5570 /* Mulish-Black.ttf */; };
		480C1E2C29109B07003C5570 /* Mulish-Medium.ttf in Resources */ = {isa = PBXBuildFile; fileRef = 480C1E2429109B05003C5570 /* Mulish-Medium.ttf */; };
		480C1E2D29109B07003C5570 /* Mulish-ExtraLight.ttf in Resources */ = {isa = PBXBuildFile; fileRef = 480C1E2529109B06003C5570 /* Mulish-ExtraLight.ttf */; };
		480C1E2E29109B07003C5570 /* Mulish-Bold.ttf in Resources */ = {isa = PBXBuildFile; fileRef = 480C1E2629109B06003C5570 /* Mulish-Bold.ttf */; };
		480C1E2F29109B07003C5570 /* Mulish-Light.ttf in Resources */ = {isa = PBXBuildFile; fileRef = 480C1E2729109B06003C5570 /* Mulish-Light.ttf */; };
		480C1E3029109B07003C5570 /* Mulish-SemiBold.ttf in Resources */ = {isa = PBXBuildFile; fileRef = 480C1E2829109B06003C5570 /* Mulish-SemiBold.ttf */; };
		480C1E3129109B07003C5570 /* Mulish-ExtraBold.ttf in Resources */ = {isa = PBXBuildFile; fileRef = 480C1E2929109B07003C5570 /* Mulish-ExtraBold.ttf */; };
		480C1E3229109B07003C5570 /* Mulish-Regular.ttf in Resources */ = {isa = PBXBuildFile; fileRef = 480C1E2A29109B07003C5570 /* Mulish-Regular.ttf */; };
		480C1E3429109C09003C5570 /* AppFonts.swift in Sources */ = {isa = PBXBuildFile; fileRef = 480C1E3329109C09003C5570 /* AppFonts.swift */; };
		480C1E362910A11C003C5570 /* CustomHeader.swift in Sources */ = {isa = PBXBuildFile; fileRef = 480C1E352910A11B003C5570 /* CustomHeader.swift */; };
		480C1E382910A3A7003C5570 /* ButtonStack.swift in Sources */ = {isa = PBXBuildFile; fileRef = 480C1E372910A3A7003C5570 /* ButtonStack.swift */; };
		480C1E3B2910B405003C5570 /* Auth.swift in Sources */ = {isa = PBXBuildFile; fileRef = 480C1E3A2910B405003C5570 /* Auth.swift */; };
		480C1E3D2910B4FB003C5570 /* GoogleService-Info.plist in Resources */ = {isa = PBXBuildFile; fileRef = 480C1E3C2910B4FB003C5570 /* GoogleService-Info.plist */; };
		480C1E402910BB72003C5570 /* UserModel.swift in Sources */ = {isa = PBXBuildFile; fileRef = 480C1E3F2910BB72003C5570 /* UserModel.swift */; };
		480C1E432910BF9B003C5570 /* AuthUseCase.swift in Sources */ = {isa = PBXBuildFile; fileRef = 480C1E422910BF9B003C5570 /* AuthUseCase.swift */; };
		486FE4D8290C8D5800215F8F /* AppDelegate.swift in Sources */ = {isa = PBXBuildFile; fileRef = 486FE4D7290C8D5800215F8F /* AppDelegate.swift */; };
		486FE4DA290C8D5800215F8F /* SceneDelegate.swift in Sources */ = {isa = PBXBuildFile; fileRef = 486FE4D9290C8D5800215F8F /* SceneDelegate.swift */; };
		486FE4E1290C8D5A00215F8F /* Assets.xcassets in Resources */ = {isa = PBXBuildFile; fileRef = 486FE4E0290C8D5A00215F8F /* Assets.xcassets */; };
		486FE4E4290C8D5A00215F8F /* LaunchScreen.storyboard in Resources */ = {isa = PBXBuildFile; fileRef = 486FE4E2290C8D5A00215F8F /* LaunchScreen.storyboard */; };
		486FE4F2290C8FF100215F8F /* LoginViewController.swift in Sources */ = {isa = PBXBuildFile; fileRef = 486FE4F1290C8FF100215F8F /* LoginViewController.swift */; };
		486FE4F4290C90A300215F8F /* Preview.swift in Sources */ = {isa = PBXBuildFile; fileRef = 486FE4F3290C90A300215F8F /* Preview.swift */; };
		486FE4F6290C917600215F8F /* AppColors.swift in Sources */ = {isa = PBXBuildFile; fileRef = 486FE4F5290C917600215F8F /* AppColors.swift */; };
		486FE4F8290C924A00215F8F /* LoginView.swift in Sources */ = {isa = PBXBuildFile; fileRef = 486FE4F7290C924A00215F8F /* LoginView.swift */; };
		486FE4FC290C948200215F8F /* MainButton.swift in Sources */ = {isa = PBXBuildFile; fileRef = 486FE4FB290C948200215F8F /* MainButton.swift */; };
		486FE500290CA2B000215F8F /* Coordinator.swift in Sources */ = {isa = PBXBuildFile; fileRef = 486FE4FF290CA2B000215F8F /* Coordinator.swift */; };
		486FE502290CA2BB00215F8F /* MainCoordinator.swift in Sources */ = {isa = PBXBuildFile; fileRef = 486FE501290CA2BB00215F8F /* MainCoordinator.swift */; };
		486FE504290CAA0F00215F8F /* AppContainer.swift in Sources */ = {isa = PBXBuildFile; fileRef = 486FE503290CAA0F00215F8F /* AppContainer.swift */; };
		486FE506290CAA9E00215F8F /* LoginViewModel.swift in Sources */ = {isa = PBXBuildFile; fileRef = 486FE505290CAA9E00215F8F /* LoginViewModel.swift */; };
/* End PBXBuildFile section */

/* Begin PBXFileReference section */
		3C77AE95A017098D23A80D21 /* Pods-nubankApp.debug.xcconfig */ = {isa = PBXFileReference; includeInIndex = 1; lastKnownFileType = text.xcconfig; name = "Pods-nubankApp.debug.xcconfig"; path = "Target Support Files/Pods-nubankApp/Pods-nubankApp.debug.xcconfig"; sourceTree = "<group>"; };
		445CE8FB7B18423BF98C727A /* Pods_nubankApp.framework */ = {isa = PBXFileReference; explicitFileType = wrapper.framework; includeInIndex = 0; path = Pods_nubankApp.framework; sourceTree = BUILT_PRODUCTS_DIR; };
		480C1E0D291087AD003C5570 /* SingUpViewController.swift */ = {isa = PBXFileReference; lastKnownFileType = sourcecode.swift; path = SingUpViewController.swift; sourceTree = "<group>"; };
		480C1E0F2910880C003C5570 /* SignUpViewModel.swift */ = {isa = PBXFileReference; lastKnownFileType = sourcecode.swift; path = SignUpViewModel.swift; sourceTree = "<group>"; };
		480C1E1129108883003C5570 /* SignUpView.swift */ = {isa = PBXFileReference; lastKnownFileType = sourcecode.swift; path = SignUpView.swift; sourceTree = "<group>"; };
		480C1E1329108AC3003C5570 /* BaseViewController.swift */ = {isa = PBXFileReference; lastKnownFileType = sourcecode.swift; path = BaseViewController.swift; sourceTree = "<group>"; };
		480C1E1529108CB5003C5570 /* CustomTableView.swift */ = {isa = PBXFileReference; lastKnownFileType = sourcecode.swift; path = CustomTableView.swift; sourceTree = "<group>"; };
		480C1E1729108D89003C5570 /* EmptyCell.swift */ = {isa = PBXFileReference; lastKnownFileType = sourcecode.swift; path = EmptyCell.swift; sourceTree = "<group>"; };
		480C1E1929109146003C5570 /* CustomComponentProtocol.swift */ = {isa = PBXFileReference; lastKnownFileType = sourcecode.swift; path = CustomComponentProtocol.swift; sourceTree = "<group>"; };
		480C1E1C291092F9003C5570 /* Questions.swift */ = {isa = PBXFileReference; lastKnownFileType = sourcecode.swift; path = Questions.swift; sourceTree = "<group>"; };
		480C1E1E291096B3003C5570 /* CustomCell.swift */ = {isa = PBXFileReference; lastKnownFileType = sourcecode.swift; path = CustomCell.swift; sourceTree = "<group>"; };
		480C1E20291098D0003C5570 /* CustomTextField.swift */ = {isa = PBXFileReference; lastKnownFileType = sourcecode.swift; path = CustomTextField.swift; sourceTree = "<group>"; };
		480C1E2329109B05003C5570 /* Mulish-Black.ttf */ = {isa = PBXFileReference; lastKnownFileType = file; path = "Mulish-Black.ttf"; sourceTree = "<group>"; };
		480C1E2429109B05003C5570 /* Mulish-Medium.ttf */ = {isa = PBXFileReference; lastKnownFileType = file; path = "Mulish-Medium.ttf"; sourceTree = "<group>"; };
		480C1E2529109B06003C5570 /* Mulish-ExtraLight.ttf */ = {isa = PBXFileReference; lastKnownFileType = file; path = "Mulish-ExtraLight.ttf"; sourceTree = "<group>"; };
		480C1E2629109B06003C5570 /* Mulish-Bold.ttf */ = {isa = PBXFileReference; lastKnownFileType = file; path = "Mulish-Bold.ttf"; sourceTree = "<group>"; };
		480C1E2729109B06003C5570 /* Mulish-Light.ttf */ = {isa = PBXFileReference; lastKnownFileType = file; path = "Mulish-Light.ttf"; sourceTree = "<group>"; };
		480C1E2829109B06003C5570 /* Mulish-SemiBold.ttf */ = {isa = PBXFileReference; lastKnownFileType = file; path = "Mulish-SemiBold.ttf"; sourceTree = "<group>"; };
		480C1E2929109B07003C5570 /* Mulish-ExtraBold.ttf */ = {isa = PBXFileReference; lastKnownFileType = file; path = "Mulish-ExtraBold.ttf"; sourceTree = "<group>"; };
		480C1E2A29109B07003C5570 /* Mulish-Regular.ttf */ = {isa = PBXFileReference; lastKnownFileType = file; path = "Mulish-Regular.ttf"; sourceTree = "<group>"; };
		480C1E3329109C09003C5570 /* AppFonts.swift */ = {isa = PBXFileReference; lastKnownFileType = sourcecode.swift; path = AppFonts.swift; sourceTree = "<group>"; };
		480C1E352910A11B003C5570 /* CustomHeader.swift */ = {isa = PBXFileReference; lastKnownFileType = sourcecode.swift; path = CustomHeader.swift; sourceTree = "<group>"; };
		480C1E372910A3A7003C5570 /* ButtonStack.swift */ = {isa = PBXFileReference; lastKnownFileType = sourcecode.swift; path = ButtonStack.swift; sourceTree = "<group>"; };
		480C1E3A2910B405003C5570 /* Auth.swift */ = {isa = PBXFileReference; lastKnownFileType = sourcecode.swift; path = Auth.swift; sourceTree = "<group>"; };
		480C1E3C2910B4FB003C5570 /* GoogleService-Info.plist */ = {isa = PBXFileReference; fileEncoding = 4; lastKnownFileType = text.plist.xml; path = "GoogleService-Info.plist"; sourceTree = "<group>"; };
		480C1E3F2910BB72003C5570 /* UserModel.swift */ = {isa = PBXFileReference; lastKnownFileType = sourcecode.swift; path = UserModel.swift; sourceTree = "<group>"; };
		480C1E422910BF9B003C5570 /* AuthUseCase.swift */ = {isa = PBXFileReference; lastKnownFileType = sourcecode.swift; path = AuthUseCase.swift; sourceTree = "<group>"; };
		486FE4D4290C8D5800215F8F /* nubankApp.app */ = {isa = PBXFileReference; explicitFileType = wrapper.application; includeInIndex = 0; path = nubankApp.app; sourceTree = BUILT_PRODUCTS_DIR; };
		486FE4D7290C8D5800215F8F /* AppDelegate.swift */ = {isa = PBXFileReference; lastKnownFileType = sourcecode.swift; path = AppDelegate.swift; sourceTree = "<group>"; };
		486FE4D9290C8D5800215F8F /* SceneDelegate.swift */ = {isa = PBXFileReference; lastKnownFileType = sourcecode.swift; path = SceneDelegate.swift; sourceTree = "<group>"; };
		486FE4E0290C8D5A00215F8F /* Assets.xcassets */ = {isa = PBXFileReference; lastKnownFileType = folder.assetcatalog; path = Assets.xcassets; sourceTree = "<group>"; };
		486FE4E3290C8D5A00215F8F /* Base */ = {isa = PBXFileReference; lastKnownFileType = file.storyboard; name = Base; path = Base.lproj/LaunchScreen.storyboard; sourceTree = "<group>"; };
		486FE4E5290C8D5A00215F8F /* Info.plist */ = {isa = PBXFileReference; lastKnownFileType = text.plist.xml; path = Info.plist; sourceTree = "<group>"; };
		486FE4F1290C8FF100215F8F /* LoginViewController.swift */ = {isa = PBXFileReference; lastKnownFileType = sourcecode.swift; path = LoginViewController.swift; sourceTree = "<group>"; };
		486FE4F3290C90A300215F8F /* Preview.swift */ = {isa = PBXFileReference; lastKnownFileType = sourcecode.swift; path = Preview.swift; sourceTree = "<group>"; };
		486FE4F5290C917600215F8F /* AppColors.swift */ = {isa = PBXFileReference; lastKnownFileType = sourcecode.swift; path = AppColors.swift; sourceTree = "<group>"; };
		486FE4F7290C924A00215F8F /* LoginView.swift */ = {isa = PBXFileReference; lastKnownFileType = sourcecode.swift; path = LoginView.swift; sourceTree = "<group>"; };
		486FE4FB290C948200215F8F /* MainButton.swift */ = {isa = PBXFileReference; lastKnownFileType = sourcecode.swift; path = MainButton.swift; sourceTree = "<group>"; };
		486FE4FF290CA2B000215F8F /* Coordinator.swift */ = {isa = PBXFileReference; lastKnownFileType = sourcecode.swift; path = Coordinator.swift; sourceTree = "<group>"; };
		486FE501290CA2BB00215F8F /* MainCoordinator.swift */ = {isa = PBXFileReference; lastKnownFileType = sourcecode.swift; path = MainCoordinator.swift; sourceTree = "<group>"; };
		486FE503290CAA0F00215F8F /* AppContainer.swift */ = {isa = PBXFileReference; lastKnownFileType = sourcecode.swift; path = AppContainer.swift; sourceTree = "<group>"; };
		486FE505290CAA9E00215F8F /* LoginViewModel.swift */ = {isa = PBXFileReference; lastKnownFileType = sourcecode.swift; path = LoginViewModel.swift; sourceTree = "<group>"; };
		78C5BA58C1E1F61DC9CA0AA8 /* Pods-nubankApp.release.xcconfig */ = {isa = PBXFileReference; includeInIndex = 1; lastKnownFileType = text.xcconfig; name = "Pods-nubankApp.release.xcconfig"; path = "Target Support Files/Pods-nubankApp/Pods-nubankApp.release.xcconfig"; sourceTree = "<group>"; };
/* End PBXFileReference section */

/* Begin PBXFrameworksBuildPhase section */
		486FE4D1290C8D5800215F8F /* Frameworks */ = {
			isa = PBXFrameworksBuildPhase;
			buildActionMask = 2147483647;
			files = (
				05C78EA08CC880992F5B2A19 /* Pods_nubankApp.framework in Frameworks */,
			);
			runOnlyForDeploymentPostprocessing = 0;
		};
/* End PBXFrameworksBuildPhase section */

/* Begin PBXGroup section */
		29E1A01EF72AD3E50355B5D8 /* Frameworks */ = {
			isa = PBXGroup;
			children = (
				445CE8FB7B18423BF98C727A /* Pods_nubankApp.framework */,
			);
			name = Frameworks;
			sourceTree = "<group>";
		};
		480C1E0C2910879E003C5570 /* SignUp */ = {
			isa = PBXGroup;
			children = (
				480C1E1B291092DF003C5570 /* Questions */,
				480C1E0D291087AD003C5570 /* SingUpViewController.swift */,
				480C1E0F2910880C003C5570 /* SignUpViewModel.swift */,
				480C1E1129108883003C5570 /* SignUpView.swift */,
			);
			path = SignUp;
			sourceTree = "<group>";
		};
		480C1E1B291092DF003C5570 /* Questions */ = {
			isa = PBXGroup;
			children = (
				480C1E1C291092F9003C5570 /* Questions.swift */,
				480C1E372910A3A7003C5570 /* ButtonStack.swift */,
			);
			path = Questions;
			sourceTree = "<group>";
		};
		480C1E2229109ACC003C5570 /* Fonts */ = {
			isa = PBXGroup;
			children = (
				480C1E2329109B05003C5570 /* Mulish-Black.ttf */,
				480C1E2629109B06003C5570 /* Mulish-Bold.ttf */,
				480C1E2929109B07003C5570 /* Mulish-ExtraBold.ttf */,
				480C1E2529109B06003C5570 /* Mulish-ExtraLight.ttf */,
				480C1E2729109B06003C5570 /* Mulish-Light.ttf */,
				480C1E2429109B05003C5570 /* Mulish-Medium.ttf */,
				480C1E2A29109B07003C5570 /* Mulish-Regular.ttf */,
				480C1E2829109B06003C5570 /* Mulish-SemiBold.ttf */,
			);
			path = Fonts;
			sourceTree = "<group>";
		};
		480C1E392910B3DE003C5570 /* Auth */ = {
			isa = PBXGroup;
			children = (
				480C1E3A2910B405003C5570 /* Auth.swift */,
				480C1E422910BF9B003C5570 /* AuthUseCase.swift */,
			);
			path = Auth;
			sourceTree = "<group>";
		};
		480C1E3E2910BB66003C5570 /* User */ = {
			isa = PBXGroup;
			children = (
				480C1E3F2910BB72003C5570 /* UserModel.swift */,
			);
			path = User;
			sourceTree = "<group>";
		};
		480C1E412910BEAA003C5570 /* Service */ = {
			isa = PBXGroup;
			children = (
				480C1E392910B3DE003C5570 /* Auth */,
				480C1E3E2910BB66003C5570 /* User */,
			);
			path = Service;
			sourceTree = "<group>";
		};
		486FE4CB290C8D5800215F8F = {
			isa = PBXGroup;
			children = (
				486FE4D6290C8D5800215F8F /* nubankApp */,
				486FE4D5290C8D5800215F8F /* Products */,
				A2F459B7754BABAB362706A4 /* Pods */,
				29E1A01EF72AD3E50355B5D8 /* Frameworks */,
			);
			sourceTree = "<group>";
		};
		486FE4D5290C8D5800215F8F /* Products */ = {
			isa = PBXGroup;
			children = (
				486FE4D4290C8D5800215F8F /* nubankApp.app */,
			);
			name = Products;
			sourceTree = "<group>";
		};
		486FE4D6290C8D5800215F8F /* nubankApp */ = {
			isa = PBXGroup;
			children = (
				486FE4F9290C939700215F8F /* Assets */,
				486FE4FD290CA26C00215F8F /* Infrastructure */,
				480C1E412910BEAA003C5570 /* Service */,
				486FE4EF290C8DF400215F8F /* DI */,
				486FE4EE290C8DEC00215F8F /* Modules */,
				486FE4ED290C8DE200215F8F /* SplashScreen */,
				486FE4EC290C8DDC00215F8F /* Helpers */,
				486FE4EB290C8DCB00215F8F /* Common */,
				486FE4E5290C8D5A00215F8F /* Info.plist */,
				480C1E3C2910B4FB003C5570 /* GoogleService-Info.plist */,
			);
			path = nubankApp;
			sourceTree = "<group>";
		};
		486FE4EB290C8DCB00215F8F /* Common */ = {
			isa = PBXGroup;
			children = (
				486FE4D7290C8D5800215F8F /* AppDelegate.swift */,
				486FE4D9290C8D5800215F8F /* SceneDelegate.swift */,
			);
			path = Common;
			sourceTree = "<group>";
		};
		486FE4EC290C8DDC00215F8F /* Helpers */ = {
			isa = PBXGroup;
			children = (
				486FE4F3290C90A300215F8F /* Preview.swift */,
				486FE4F5290C917600215F8F /* AppColors.swift */,
				480C1E3329109C09003C5570 /* AppFonts.swift */,
			);
			path = Helpers;
			sourceTree = "<group>";
		};
		486FE4ED290C8DE200215F8F /* SplashScreen */ = {
			isa = PBXGroup;
			children = (
				486FE4E2290C8D5A00215F8F /* LaunchScreen.storyboard */,
			);
			path = SplashScreen;
			sourceTree = "<group>";
		};
		486FE4EE290C8DEC00215F8F /* Modules */ = {
			isa = PBXGroup;
			children = (
				486FE4FA290C945900215F8F /* Components */,
				480C1E0C2910879E003C5570 /* SignUp */,
				486FE4F0290C8FD700215F8F /* Login */,
			);
			path = Modules;
			sourceTree = "<group>";
		};
		486FE4EF290C8DF400215F8F /* DI */ = {
			isa = PBXGroup;
			children = (
				486FE503290CAA0F00215F8F /* AppContainer.swift */,
			);
			path = DI;
			sourceTree = "<group>";
		};
		486FE4F0290C8FD700215F8F /* Login */ = {
			isa = PBXGroup;
			children = (
				486FE4F1290C8FF100215F8F /* LoginViewController.swift */,
				486FE4F7290C924A00215F8F /* LoginView.swift */,
				486FE505290CAA9E00215F8F /* LoginViewModel.swift */,
			);
			path = Login;
			sourceTree = "<group>";
		};
		486FE4F9290C939700215F8F /* Assets */ = {
			isa = PBXGroup;
			children = (
				480C1E2229109ACC003C5570 /* Fonts */,
				486FE4E0290C8D5A00215F8F /* Assets.xcassets */,
			);
			path = Assets;
			sourceTree = "<group>";
		};
		486FE4FA290C945900215F8F /* Components */ = {
			isa = PBXGroup;
			children = (
				486FE4FB290C948200215F8F /* MainButton.swift */,
				480C1E1329108AC3003C5570 /* BaseViewController.swift */,
				480C1E1529108CB5003C5570 /* CustomTableView.swift */,
				480C1E1729108D89003C5570 /* EmptyCell.swift */,
				480C1E1929109146003C5570 /* CustomComponentProtocol.swift */,
				480C1E1E291096B3003C5570 /* CustomCell.swift */,
				480C1E20291098D0003C5570 /* CustomTextField.swift */,
				480C1E352910A11B003C5570 /* CustomHeader.swift */,
			);
			path = Components;
			sourceTree = "<group>";
		};
		486FE4FD290CA26C00215F8F /* Infrastructure */ = {
			isa = PBXGroup;
			children = (
				486FE4FE290CA29B00215F8F /* Coordinator */,
			);
			path = Infrastructure;
			sourceTree = "<group>";
		};
		486FE4FE290CA29B00215F8F /* Coordinator */ = {
			isa = PBXGroup;
			children = (
				486FE4FF290CA2B000215F8F /* Coordinator.swift */,
				486FE501290CA2BB00215F8F /* MainCoordinator.swift */,
			);
			path = Coordinator;
			sourceTree = "<group>";
		};
		A2F459B7754BABAB362706A4 /* Pods */ = {
			isa = PBXGroup;
			children = (
				3C77AE95A017098D23A80D21 /* Pods-nubankApp.debug.xcconfig */,
				78C5BA58C1E1F61DC9CA0AA8 /* Pods-nubankApp.release.xcconfig */,
			);
			path = Pods;
			sourceTree = "<group>";
		};
/* End PBXGroup section */

/* Begin PBXNativeTarget section */
		486FE4D3290C8D5800215F8F /* nubankApp */ = {
			isa = PBXNativeTarget;
			buildConfigurationList = 486FE4E8290C8D5A00215F8F /* Build configuration list for PBXNativeTarget "nubankApp" */;
			buildPhases = (
				6DEE261016E393ABE6BABAC7 /* [CP] Check Pods Manifest.lock */,
				486FE4D0290C8D5800215F8F /* Sources */,
				486FE4D1290C8D5800215F8F /* Frameworks */,
				486FE4D2290C8D5800215F8F /* Resources */,
				315B21BEAA5C6590E2DD8417 /* [CP] Embed Pods Frameworks */,
			);
			buildRules = (
			);
			dependencies = (
			);
			name = nubankApp;
			productName = nubankApp;
			productReference = 486FE4D4290C8D5800215F8F /* nubankApp.app */;
			productType = "com.apple.product-type.application";
		};
/* End PBXNativeTarget section */

/* Begin PBXProject section */
		486FE4CC290C8D5800215F8F /* Project object */ = {
			isa = PBXProject;
			attributes = {
				BuildIndependentTargetsInParallel = 1;
				LastSwiftUpdateCheck = 1400;
				LastUpgradeCheck = 1400;
				TargetAttributes = {
					486FE4D3290C8D5800215F8F = {
						CreatedOnToolsVersion = 14.0.1;
					};
				};
			};
			buildConfigurationList = 486FE4CF290C8D5800215F8F /* Build configuration list for PBXProject "nubankApp" */;
			compatibilityVersion = "Xcode 13.0";
			developmentRegion = en;
			hasScannedForEncodings = 0;
			knownRegions = (
				en,
				Base,
			);
			mainGroup = 486FE4CB290C8D5800215F8F;
			productRefGroup = 486FE4D5290C8D5800215F8F /* Products */;
			projectDirPath = "";
			projectRoot = "";
			targets = (
				486FE4D3290C8D5800215F8F /* nubankApp */,
			);
		};
/* End PBXProject section */

/* Begin PBXResourcesBuildPhase section */
		486FE4D2290C8D5800215F8F /* Resources */ = {
			isa = PBXResourcesBuildPhase;
			buildActionMask = 2147483647;
			files = (
				480C1E3129109B07003C5570 /* Mulish-ExtraBold.ttf in Resources */,
				480C1E2D29109B07003C5570 /* Mulish-ExtraLight.ttf in Resources */,
				480C1E2E29109B07003C5570 /* Mulish-Bold.ttf in Resources */,
				480C1E2B29109B07003C5570 /* Mulish-Black.ttf in Resources */,
				480C1E3029109B07003C5570 /* Mulish-SemiBold.ttf in Resources */,
				480C1E2F29109B07003C5570 /* Mulish-Light.ttf in Resources */,
				486FE4E4290C8D5A00215F8F /* LaunchScreen.storyboard in Resources */,
				480C1E2C29109B07003C5570 /* Mulish-Medium.ttf in Resources */,
				480C1E3D2910B4FB003C5570 /* GoogleService-Info.plist in Resources */,
				486FE4E1290C8D5A00215F8F /* Assets.xcassets in Resources */,
				480C1E3229109B07003C5570 /* Mulish-Regular.ttf in Resources */,
			);
			runOnlyForDeploymentPostprocessing = 0;
		};
/* End PBXResourcesBuildPhase section */

/* Begin PBXShellScriptBuildPhase section */
		315B21BEAA5C6590E2DD8417 /* [CP] Embed Pods Frameworks */ = {
			isa = PBXShellScriptBuildPhase;
			buildActionMask = 2147483647;
			files = (
			);
			inputFileListPaths = (
				"${PODS_ROOT}/Target Support Files/Pods-nubankApp/Pods-nubankApp-frameworks-${CONFIGURATION}-input-files.xcfilelist",
			);
			name = "[CP] Embed Pods Frameworks";
			outputFileListPaths = (
				"${PODS_ROOT}/Target Support Files/Pods-nubankApp/Pods-nubankApp-frameworks-${CONFIGURATION}-output-files.xcfilelist",
			);
			runOnlyForDeploymentPostprocessing = 0;
			shellPath = /bin/sh;
			shellScript = "\"${PODS_ROOT}/Target Support Files/Pods-nubankApp/Pods-nubankApp-frameworks.sh\"\n";
			showEnvVarsInLog = 0;
		};
		6DEE261016E393ABE6BABAC7 /* [CP] Check Pods Manifest.lock */ = {
			isa = PBXShellScriptBuildPhase;
			buildActionMask = 2147483647;
			files = (
			);
			inputFileListPaths = (
			);
			inputPaths = (
				"${PODS_PODFILE_DIR_PATH}/Podfile.lock",
				"${PODS_ROOT}/Manifest.lock",
			);
			name = "[CP] Check Pods Manifest.lock";
			outputFileListPaths = (
			);
			outputPaths = (
				"$(DERIVED_FILE_DIR)/Pods-nubankApp-checkManifestLockResult.txt",
			);
			runOnlyForDeploymentPostprocessing = 0;
			shellPath = /bin/sh;
			shellScript = "diff \"${PODS_PODFILE_DIR_PATH}/Podfile.lock\" \"${PODS_ROOT}/Manifest.lock\" > /dev/null\nif [ $? != 0 ] ; then\n    # print error to STDERR\n    echo \"error: The sandbox is not in sync with the Podfile.lock. Run 'pod install' or update your CocoaPods installation.\" >&2\n    exit 1\nfi\n# This output is used by Xcode 'outputs' to avoid re-running this script phase.\necho \"SUCCESS\" > \"${SCRIPT_OUTPUT_FILE_0}\"\n";
			showEnvVarsInLog = 0;
		};
/* End PBXShellScriptBuildPhase section */

/* Begin PBXSourcesBuildPhase section */
		486FE4D0290C8D5800215F8F /* Sources */ = {
			isa = PBXSourcesBuildPhase;
			buildActionMask = 2147483647;
			files = (
				486FE500290CA2B000215F8F /* Coordinator.swift in Sources */,
				480C1E102910880C003C5570 /* SignUpViewModel.swift in Sources */,
				480C1E1F291096B3003C5570 /* CustomCell.swift in Sources */,
				480C1E382910A3A7003C5570 /* ButtonStack.swift in Sources */,
				480C1E432910BF9B003C5570 /* AuthUseCase.swift in Sources */,
				486FE4F8290C924A00215F8F /* LoginView.swift in Sources */,
				480C1E3B2910B405003C5570 /* Auth.swift in Sources */,
				486FE506290CAA9E00215F8F /* LoginViewModel.swift in Sources */,
				486FE4F2290C8FF100215F8F /* LoginViewController.swift in Sources */,
				480C1E1429108AC3003C5570 /* BaseViewController.swift in Sources */,
				486FE4D8290C8D5800215F8F /* AppDelegate.swift in Sources */,
				486FE4FC290C948200215F8F /* MainButton.swift in Sources */,
				480C1E1A29109146003C5570 /* CustomComponentProtocol.swift in Sources */,
				486FE4F4290C90A300215F8F /* Preview.swift in Sources */,
				480C1E1D291092F9003C5570 /* Questions.swift in Sources */,
				480C1E1829108D89003C5570 /* EmptyCell.swift in Sources */,
				486FE4F6290C917600215F8F /* AppColors.swift in Sources */,
				480C1E21291098D0003C5570 /* CustomTextField.swift in Sources */,
				486FE504290CAA0F00215F8F /* AppContainer.swift in Sources */,
				480C1E402910BB72003C5570 /* UserModel.swift in Sources */,
				480C1E3429109C09003C5570 /* AppFonts.swift in Sources */,
				480C1E1229108883003C5570 /* SignUpView.swift in Sources */,
				486FE502290CA2BB00215F8F /* MainCoordinator.swift in Sources */,
				480C1E362910A11C003C5570 /* CustomHeader.swift in Sources */,
				480C1E0E291087AD003C5570 /* SingUpViewController.swift in Sources */,
				480C1E1629108CB5003C5570 /* CustomTableView.swift in Sources */,
				486FE4DA290C8D5800215F8F /* SceneDelegate.swift in Sources */,
			);
			runOnlyForDeploymentPostprocessing = 0;
		};
/* End PBXSourcesBuildPhase section */

/* Begin PBXVariantGroup section */
		486FE4E2290C8D5A00215F8F /* LaunchScreen.storyboard */ = {
			isa = PBXVariantGroup;
			children = (
				486FE4E3290C8D5A00215F8F /* Base */,
			);
			name = LaunchScreen.storyboard;
			sourceTree = "<group>";
		};
/* End PBXVariantGroup section */

/* Begin XCBuildConfiguration section */
		486FE4E6290C8D5A00215F8F /* Debug */ = {
			isa = XCBuildConfiguration;
			buildSettings = {
				ALWAYS_SEARCH_USER_PATHS = NO;
				CLANG_ANALYZER_NONNULL = YES;
				CLANG_ANALYZER_NUMBER_OBJECT_CONVERSION = YES_AGGRESSIVE;
				CLANG_CXX_LANGUAGE_STANDARD = "gnu++20";
				CLANG_ENABLE_MODULES = YES;
				CLANG_ENABLE_OBJC_ARC = YES;
				CLANG_ENABLE_OBJC_WEAK = YES;
				CLANG_WARN_BLOCK_CAPTURE_AUTORELEASING = YES;
				CLANG_WARN_BOOL_CONVERSION = YES;
				CLANG_WARN_COMMA = YES;
				CLANG_WARN_CONSTANT_CONVERSION = YES;
				CLANG_WARN_DEPRECATED_OBJC_IMPLEMENTATIONS = YES;
				CLANG_WARN_DIRECT_OBJC_ISA_USAGE = YES_ERROR;
				CLANG_WARN_DOCUMENTATION_COMMENTS = YES;
				CLANG_WARN_EMPTY_BODY = YES;
				CLANG_WARN_ENUM_CONVERSION = YES;
				CLANG_WARN_INFINITE_RECURSION = YES;
				CLANG_WARN_INT_CONVERSION = YES;
				CLANG_WARN_NON_LITERAL_NULL_CONVERSION = YES;
				CLANG_WARN_OBJC_IMPLICIT_RETAIN_SELF = YES;
				CLANG_WARN_OBJC_LITERAL_CONVERSION = YES;
				CLANG_WARN_OBJC_ROOT_CLASS = YES_ERROR;
				CLANG_WARN_QUOTED_INCLUDE_IN_FRAMEWORK_HEADER = YES;
				CLANG_WARN_RANGE_LOOP_ANALYSIS = YES;
				CLANG_WARN_STRICT_PROTOTYPES = YES;
				CLANG_WARN_SUSPICIOUS_MOVE = YES;
				CLANG_WARN_UNGUARDED_AVAILABILITY = YES_AGGRESSIVE;
				CLANG_WARN_UNREACHABLE_CODE = YES;
				CLANG_WARN__DUPLICATE_METHOD_MATCH = YES;
				COPY_PHASE_STRIP = NO;
				DEBUG_INFORMATION_FORMAT = dwarf;
				ENABLE_STRICT_OBJC_MSGSEND = YES;
				ENABLE_TESTABILITY = YES;
				GCC_C_LANGUAGE_STANDARD = gnu11;
				GCC_DYNAMIC_NO_PIC = NO;
				GCC_NO_COMMON_BLOCKS = YES;
				GCC_OPTIMIZATION_LEVEL = 0;
				GCC_PREPROCESSOR_DEFINITIONS = (
					"DEBUG=1",
					"$(inherited)",
				);
				GCC_WARN_64_TO_32_BIT_CONVERSION = YES;
				GCC_WARN_ABOUT_RETURN_TYPE = YES_ERROR;
				GCC_WARN_UNDECLARED_SELECTOR = YES;
				GCC_WARN_UNINITIALIZED_AUTOS = YES_AGGRESSIVE;
				GCC_WARN_UNUSED_FUNCTION = YES;
				GCC_WARN_UNUSED_VARIABLE = YES;
				IPHONEOS_DEPLOYMENT_TARGET = 16.0;
				MTL_ENABLE_DEBUG_INFO = INCLUDE_SOURCE;
				MTL_FAST_MATH = YES;
				ONLY_ACTIVE_ARCH = YES;
				SDKROOT = iphoneos;
				SWIFT_ACTIVE_COMPILATION_CONDITIONS = DEBUG;
				SWIFT_OPTIMIZATION_LEVEL = "-Onone";
			};
			name = Debug;
		};
		486FE4E7290C8D5A00215F8F /* Release */ = {
			isa = XCBuildConfiguration;
			buildSettings = {
				ALWAYS_SEARCH_USER_PATHS = NO;
				CLANG_ANALYZER_NONNULL = YES;
				CLANG_ANALYZER_NUMBER_OBJECT_CONVERSION = YES_AGGRESSIVE;
				CLANG_CXX_LANGUAGE_STANDARD = "gnu++20";
				CLANG_ENABLE_MODULES = YES;
				CLANG_ENABLE_OBJC_ARC = YES;
				CLANG_ENABLE_OBJC_WEAK = YES;
				CLANG_WARN_BLOCK_CAPTURE_AUTORELEASING = YES;
				CLANG_WARN_BOOL_CONVERSION = YES;
				CLANG_WARN_COMMA = YES;
				CLANG_WARN_CONSTANT_CONVERSION = YES;
				CLANG_WARN_DEPRECATED_OBJC_IMPLEMENTATIONS = YES;
				CLANG_WARN_DIRECT_OBJC_ISA_USAGE = YES_ERROR;
				CLANG_WARN_DOCUMENTATION_COMMENTS = YES;
				CLANG_WARN_EMPTY_BODY = YES;
				CLANG_WARN_ENUM_CONVERSION = YES;
				CLANG_WARN_INFINITE_RECURSION = YES;
				CLANG_WARN_INT_CONVERSION = YES;
				CLANG_WARN_NON_LITERAL_NULL_CONVERSION = YES;
				CLANG_WARN_OBJC_IMPLICIT_RETAIN_SELF = YES;
				CLANG_WARN_OBJC_LITERAL_CONVERSION = YES;
				CLANG_WARN_OBJC_ROOT_CLASS = YES_ERROR;
				CLANG_WARN_QUOTED_INCLUDE_IN_FRAMEWORK_HEADER = YES;
				CLANG_WARN_RANGE_LOOP_ANALYSIS = YES;
				CLANG_WARN_STRICT_PROTOTYPES = YES;
				CLANG_WARN_SUSPICIOUS_MOVE = YES;
				CLANG_WARN_UNGUARDED_AVAILABILITY = YES_AGGRESSIVE;
				CLANG_WARN_UNREACHABLE_CODE = YES;
				CLANG_WARN__DUPLICATE_METHOD_MATCH = YES;
				COPY_PHASE_STRIP = NO;
				DEBUG_INFORMATION_FORMAT = "dwarf-with-dsym";
				ENABLE_NS_ASSERTIONS = NO;
				ENABLE_STRICT_OBJC_MSGSEND = YES;
				GCC_C_LANGUAGE_STANDARD = gnu11;
				GCC_NO_COMMON_BLOCKS = YES;
				GCC_WARN_64_TO_32_BIT_CONVERSION = YES;
				GCC_WARN_ABOUT_RETURN_TYPE = YES_ERROR;
				GCC_WARN_UNDECLARED_SELECTOR = YES;
				GCC_WARN_UNINITIALIZED_AUTOS = YES_AGGRESSIVE;
				GCC_WARN_UNUSED_FUNCTION = YES;
				GCC_WARN_UNUSED_VARIABLE = YES;
				IPHONEOS_DEPLOYMENT_TARGET = 16.0;
				MTL_ENABLE_DEBUG_INFO = NO;
				MTL_FAST_MATH = YES;
				SDKROOT = iphoneos;
				SWIFT_COMPILATION_MODE = wholemodule;
				SWIFT_OPTIMIZATION_LEVEL = "-O";
				VALIDATE_PRODUCT = YES;
			};
			name = Release;
		};
		486FE4E9290C8D5A00215F8F /* Debug */ = {
			isa = XCBuildConfiguration;
			baseConfigurationReference = 3C77AE95A017098D23A80D21 /* Pods-nubankApp.debug.xcconfig */;
			buildSettings = {
				ASSETCATALOG_COMPILER_APPICON_NAME = AppIcon;
				ASSETCATALOG_COMPILER_GLOBAL_ACCENT_COLOR_NAME = AccentColor;
				CODE_SIGN_STYLE = Automatic;
				CURRENT_PROJECT_VERSION = 1;
				GENERATE_INFOPLIST_FILE = YES;
				INFOPLIST_FILE = nubankApp/Info.plist;
				INFOPLIST_KEY_UIApplicationSupportsIndirectInputEvents = YES;
				INFOPLIST_KEY_UILaunchStoryboardName = LaunchScreen;
				INFOPLIST_KEY_UISupportedInterfaceOrientations_iPad = "UIInterfaceOrientationPortrait UIInterfaceOrientationPortraitUpsideDown UIInterfaceOrientationLandscapeLeft UIInterfaceOrientationLandscapeRight";
				INFOPLIST_KEY_UISupportedInterfaceOrientations_iPhone = "UIInterfaceOrientationPortrait UIInterfaceOrientationLandscapeLeft UIInterfaceOrientationLandscapeRight";
				LD_RUNPATH_SEARCH_PATHS = (
					"$(inherited)",
					"@executable_path/Frameworks",
				);
				MARKETING_VERSION = 1.0;
				PRODUCT_BUNDLE_IDENTIFIER = personal.nubankApp;
				PRODUCT_NAME = "$(TARGET_NAME)";
				SWIFT_EMIT_LOC_STRINGS = YES;
				SWIFT_VERSION = 5.0;
				TARGETED_DEVICE_FAMILY = "1,2";
			};
			name = Debug;
		};
		486FE4EA290C8D5A00215F8F /* Release */ = {
			isa = XCBuildConfiguration;
			baseConfigurationReference = 78C5BA58C1E1F61DC9CA0AA8 /* Pods-nubankApp.release.xcconfig */;
			buildSettings = {
				ASSETCATALOG_COMPILER_APPICON_NAME = AppIcon;
				ASSETCATALOG_COMPILER_GLOBAL_ACCENT_COLOR_NAME = AccentColor;
				CODE_SIGN_STYLE = Automatic;
				CURRENT_PROJECT_VERSION = 1;
				GENERATE_INFOPLIST_FILE = YES;
				INFOPLIST_FILE = nubankApp/Info.plist;
				INFOPLIST_KEY_UIApplicationSupportsIndirectInputEvents = YES;
				INFOPLIST_KEY_UILaunchStoryboardName = LaunchScreen;
				INFOPLIST_KEY_UISupportedInterfaceOrientations_iPad = "UIInterfaceOrientationPortrait UIInterfaceOrientationPortraitUpsideDown UIInterfaceOrientationLandscapeLeft UIInterfaceOrientationLandscapeRight";
				INFOPLIST_KEY_UISupportedInterfaceOrientations_iPhone = "UIInterfaceOrientationPortrait UIInterfaceOrientationLandscapeLeft UIInterfaceOrientationLandscapeRight";
				LD_RUNPATH_SEARCH_PATHS = (
					"$(inherited)",
					"@executable_path/Frameworks",
				);
				MARKETING_VERSION = 1.0;
				PRODUCT_BUNDLE_IDENTIFIER = personal.nubankApp;
				PRODUCT_NAME = "$(TARGET_NAME)";
				SWIFT_EMIT_LOC_STRINGS = YES;
				SWIFT_VERSION = 5.0;
				TARGETED_DEVICE_FAMILY = "1,2";
			};
			name = Release;
		};
/* End XCBuildConfiguration section */

/* Begin XCConfigurationList section */
		486FE4CF290C8D5800215F8F /* Build configuration list for PBXProject "nubankApp" */ = {
			isa = XCConfigurationList;
			buildConfigurations = (
				486FE4E6290C8D5A00215F8F /* Debug */,
				486FE4E7290C8D5A00215F8F /* Release */,
			);
			defaultConfigurationIsVisible = 0;
			defaultConfigurationName = Release;
		};
		486FE4E8290C8D5A00215F8F /* Build configuration list for PBXNativeTarget "nubankApp" */ = {
			isa = XCConfigurationList;
			buildConfigurations = (
				486FE4E9290C8D5A00215F8F /* Debug */,
				486FE4EA290C8D5A00215F8F /* Release */,
			);
			defaultConfigurationIsVisible = 0;
			defaultConfigurationName = Release;
		};
/* End XCConfigurationList section */
	};
	rootObject = 486FE4CC290C8D5800215F8F /* Project object */;
}
